// !$*UTF8*$!
{
	archiveVersion = 1;
	classes = {
	};
	objectVersion = 50;
	objects = {

/* Begin PBXBuildFile section */
		9F1B0B5F2891869300A8FCC5 /* Expression.swift in Sources */ = {isa = PBXBuildFile; fileRef = 9F1B0B5E2891869300A8FCC5 /* Expression.swift */; };
		9F30C3302887271F00CF3AF4 /* AppDelegate.swift in Sources */ = {isa = PBXBuildFile; fileRef = 9F30C32F2887271F00CF3AF4 /* AppDelegate.swift */; };
		9F30C3322887271F00CF3AF4 /* SceneDelegate.swift in Sources */ = {isa = PBXBuildFile; fileRef = 9F30C3312887271F00CF3AF4 /* SceneDelegate.swift */; };
		9F30C3342887271F00CF3AF4 /* ViewController.swift in Sources */ = {isa = PBXBuildFile; fileRef = 9F30C3332887271F00CF3AF4 /* ViewController.swift */; };
		9F30C3372887271F00CF3AF4 /* Main.storyboard in Resources */ = {isa = PBXBuildFile; fileRef = 9F30C3352887271F00CF3AF4 /* Main.storyboard */; };
		9F30C3392887272000CF3AF4 /* Assets.xcassets in Resources */ = {isa = PBXBuildFile; fileRef = 9F30C3382887272000CF3AF4 /* Assets.xcassets */; };
		9F30C33C2887272000CF3AF4 /* LaunchScreen.storyboard in Resources */ = {isa = PBXBuildFile; fileRef = 9F30C33A2887272000CF3AF4 /* LaunchScreen.storyboard */; };
		9F30C3462887276300CF3AF4 /* Model.swift in Sources */ = {isa = PBXBuildFile; fileRef = 9F30C3452887276300CF3AF4 /* Model.swift */; };
		9F30C34A2887277400CF3AF4 /* Controller.swift in Sources */ = {isa = PBXBuildFile; fileRef = 9F30C3492887277400CF3AF4 /* Controller.swift */; };
		9F30C3502887BD7600CF3AF4 /* ReversePolishNotation.swift in Sources */ = {isa = PBXBuildFile; fileRef = 9F30C34F2887BD7600CF3AF4 /* ReversePolishNotation.swift */; };
/* End PBXBuildFile section */

/* Begin PBXFileReference section */
		9F1B0B5E2891869300A8FCC5 /* Expression.swift */ = {isa = PBXFileReference; lastKnownFileType = sourcecode.swift; path = Expression.swift; sourceTree = "<group>"; };
		9F30C32C2887271F00CF3AF4 /* CalculatorRPN.app */ = {isa = PBXFileReference; explicitFileType = wrapper.application; includeInIndex = 0; path = CalculatorRPN.app; sourceTree = BUILT_PRODUCTS_DIR; };
		9F30C32F2887271F00CF3AF4 /* AppDelegate.swift */ = {isa = PBXFileReference; lastKnownFileType = sourcecode.swift; path = AppDelegate.swift; sourceTree = "<group>"; };
		9F30C3312887271F00CF3AF4 /* SceneDelegate.swift */ = {isa = PBXFileReference; lastKnownFileType = sourcecode.swift; path = SceneDelegate.swift; sourceTree = "<group>"; };
		9F30C3332887271F00CF3AF4 /* ViewController.swift */ = {isa = PBXFileReference; lastKnownFileType = sourcecode.swift; path = ViewController.swift; sourceTree = "<group>"; };
		9F30C3362887271F00CF3AF4 /* Base */ = {isa = PBXFileReference; lastKnownFileType = file.storyboard; name = Base; path = Base.lproj/Main.storyboard; sourceTree = "<group>"; };
		9F30C3382887272000CF3AF4 /* Assets.xcassets */ = {isa = PBXFileReference; lastKnownFileType = folder.assetcatalog; path = Assets.xcassets; sourceTree = "<group>"; };
		9F30C33B2887272000CF3AF4 /* Base */ = {isa = PBXFileReference; lastKnownFileType = file.storyboard; name = Base; path = Base.lproj/LaunchScreen.storyboard; sourceTree = "<group>"; };
		9F30C33D2887272000CF3AF4 /* Info.plist */ = {isa = PBXFileReference; lastKnownFileType = text.plist.xml; path = Info.plist; sourceTree = "<group>"; };
		9F30C3452887276300CF3AF4 /* Model.swift */ = {isa = PBXFileReference; lastKnownFileType = sourcecode.swift; path = Model.swift; sourceTree = "<group>"; };
		9F30C3492887277400CF3AF4 /* Controller.swift */ = {isa = PBXFileReference; lastKnownFileType = sourcecode.swift; path = Controller.swift; sourceTree = "<group>"; };
		9F30C34F2887BD7600CF3AF4 /* ReversePolishNotation.swift */ = {isa = PBXFileReference; lastKnownFileType = sourcecode.swift; path = ReversePolishNotation.swift; sourceTree = "<group>"; };
/* End PBXFileReference section */

/* Begin PBXFrameworksBuildPhase section */
		9F30C3292887271F00CF3AF4 /* Frameworks */ = {
			isa = PBXFrameworksBuildPhase;
			buildActionMask = 2147483647;
			files = (
			);
			runOnlyForDeploymentPostprocessing = 0;
		};
/* End PBXFrameworksBuildPhase section */

/* Begin PBXGroup section */
		9F30C3232887271F00CF3AF4 = {
			isa = PBXGroup;
			children = (
				9F30C32F2887271F00CF3AF4 /* AppDelegate.swift */,
				9F30C3312887271F00CF3AF4 /* SceneDelegate.swift */,
				9F30C32E2887271F00CF3AF4 /* CalculatorRPN */,
				9F30C32D2887271F00CF3AF4 /* Products */,
			);
			sourceTree = "<group>";
		};
		9F30C32D2887271F00CF3AF4 /* Products */ = {
			isa = PBXGroup;
			children = (
				9F30C32C2887271F00CF3AF4 /* CalculatorRPN.app */,
			);
			name = Products;
			sourceTree = "<group>";
		};
		9F30C32E2887271F00CF3AF4 /* CalculatorRPN */ = {
			isa = PBXGroup;
			children = (
				9F30C34D2887279600CF3AF4 /* Controllers */,
				9F30C34C2887278900CF3AF4 /* Model */,
				9F30C3442887274700CF3AF4 /* Viewer */,
				9F30C34F2887BD7600CF3AF4 /* ReversePolishNotation.swift */,
				9F1B0B5E2891869300A8FCC5 /* Expression.swift */,
				9F30C3352887271F00CF3AF4 /* Main.storyboard */,
				9F30C3382887272000CF3AF4 /* Assets.xcassets */,
				9F30C33A2887272000CF3AF4 /* LaunchScreen.storyboard */,
				9F30C33D2887272000CF3AF4 /* Info.plist */,
			);
			path = CalculatorRPN;
			sourceTree = "<group>";
		};
		9F30C3442887274700CF3AF4 /* Viewer */ = {
			isa = PBXGroup;
			children = (
				9F30C3332887271F00CF3AF4 /* ViewController.swift */,
			);
			path = Viewer;
			sourceTree = "<group>";
		};
		9F30C34C2887278900CF3AF4 /* Model */ = {
			isa = PBXGroup;
			children = (
				9F30C3452887276300CF3AF4 /* Model.swift */,
			);
			path = Model;
			sourceTree = "<group>";
		};
		9F30C34D2887279600CF3AF4 /* Controllers */ = {
			isa = PBXGroup;
			children = (
				9F30C3492887277400CF3AF4 /* Controller.swift */,
			);
			path = Controllers;
			sourceTree = "<group>";
		};
/* End PBXGroup section */

/* Begin PBXNativeTarget section */
		9F30C32B2887271F00CF3AF4 /* CalculatorRPN */ = {
			isa = PBXNativeTarget;
			buildConfigurationList = 9F30C3402887272000CF3AF4 /* Build configuration list for PBXNativeTarget "CalculatorRPN" */;
			buildPhases = (
				9F30C3282887271F00CF3AF4 /* Sources */,
				9F30C3292887271F00CF3AF4 /* Frameworks */,
				9F30C32A2887271F00CF3AF4 /* Resources */,
			);
			buildRules = (
			);
			dependencies = (
			);
			name = CalculatorRPN;
			productName = CalculatorRPN;
			productReference = 9F30C32C2887271F00CF3AF4 /* CalculatorRPN.app */;
			productType = "com.apple.product-type.application";
		};
/* End PBXNativeTarget section */

/* Begin PBXProject section */
		9F30C3242887271F00CF3AF4 /* Project object */ = {
			isa = PBXProject;
			attributes = {
				LastSwiftUpdateCheck = 1240;
				LastUpgradeCheck = 1240;
				TargetAttributes = {
					9F30C32B2887271F00CF3AF4 = {
						CreatedOnToolsVersion = 12.4;
					};
				};
			};
			buildConfigurationList = 9F30C3272887271F00CF3AF4 /* Build configuration list for PBXProject "CalculatorRPN" */;
			compatibilityVersion = "Xcode 9.3";
			developmentRegion = en;
			hasScannedForEncodings = 0;
			knownRegions = (
				en,
				Base,
			);
			mainGroup = 9F30C3232887271F00CF3AF4;
			productRefGroup = 9F30C32D2887271F00CF3AF4 /* Products */;
			projectDirPath = "";
			projectRoot = "";
			targets = (
				9F30C32B2887271F00CF3AF4 /* CalculatorRPN */,
			);
		};
/* End PBXProject section */

/* Begin PBXResourcesBuildPhase section */
		9F30C32A2887271F00CF3AF4 /* Resources */ = {
			isa = PBXResourcesBuildPhase;
			buildActionMask = 2147483647;
			files = (
				9F30C33C2887272000CF3AF4 /* LaunchScreen.storyboard in Resources */,
				9F30C3392887272000CF3AF4 /* Assets.xcassets in Resources */,
				9F30C3372887271F00CF3AF4 /* Main.storyboard in Resources */,
			);
			runOnlyForDeploymentPostprocessing = 0;
		};
/* End PBXResourcesBuildPhase section */

/* Begin PBXSourcesBuildPhase section */
		9F30C3282887271F00CF3AF4 /* Sources */ = {
			isa = PBXSourcesBuildPhase;
			buildActionMask = 2147483647;
			files = (
				9F30C34A2887277400CF3AF4 /* Controller.swift in Sources */,
				9F30C3342887271F00CF3AF4 /* ViewController.swift in Sources */,
				9F30C3302887271F00CF3AF4 /* AppDelegate.swift in Sources */,
				9F1B0B5F2891869300A8FCC5 /* Expression.swift in Sources */,
				9F30C3502887BD7600CF3AF4 /* ReversePolishNotation.swift in Sources */,
				9F30C3322887271F00CF3AF4 /* SceneDelegate.swift in Sources */,
				9F30C3462887276300CF3AF4 /* Model.swift in Sources */,
			);
			runOnlyForDeploymentPostprocessing = 0;
		};
/* End PBXSourcesBuildPhase section */

/* Begin PBXVariantGroup section */
		9F30C3352887271F00CF3AF4 /* Main.storyboard */ = {
			isa = PBXVariantGroup;
			children = (
				9F30C3362887271F00CF3AF4 /* Base */,
			);
			name = Main.storyboard;
			sourceTree = "<group>";
		};
		9F30C33A2887272000CF3AF4 /* LaunchScreen.storyboard */ = {
			isa = PBXVariantGroup;
			children = (
				9F30C33B2887272000CF3AF4 /* Base */,
			);
			name = LaunchScreen.storyboard;
			sourceTree = "<group>";
		};
/* End PBXVariantGroup section */

/* Begin XCBuildConfiguration section */
		9F30C33E2887272000CF3AF4 /* Debug */ = {
			isa = XCBuildConfiguration;
			buildSettings = {
				ALWAYS_SEARCH_USER_PATHS = NO;
				CLANG_ANALYZER_NONNULL = YES;
				CLANG_ANALYZER_NUMBER_OBJECT_CONVERSION = YES_AGGRESSIVE;
				CLANG_CXX_LANGUAGE_STANDARD = "gnu++14";
				CLANG_CXX_LIBRARY = "libc++";
				CLANG_ENABLE_MODULES = YES;
				CLANG_ENABLE_OBJC_ARC = YES;
				CLANG_ENABLE_OBJC_WEAK = YES;
				CLANG_WARN_BLOCK_CAPTURE_AUTORELEASING = YES;
				CLANG_WARN_BOOL_CONVERSION = YES;
				CLANG_WARN_COMMA = YES;
				CLANG_WARN_CONSTANT_CONVERSION = YES;
				CLANG_WARN_DEPRECATED_OBJC_IMPLEMENTATIONS = YES;
				CLANG_WARN_DIRECT_OBJC_ISA_USAGE = YES_ERROR;
				CLANG_WARN_DOCUMENTATION_COMMENTS = YES;
				CLANG_WARN_EMPTY_BODY = YES;
				CLANG_WARN_ENUM_CONVERSION = YES;
				CLANG_WARN_INFINITE_RECURSION = YES;
				CLANG_WARN_INT_CONVERSION = YES;
				CLANG_WARN_NON_LITERAL_NULL_CONVERSION = YES;
				CLANG_WARN_OBJC_IMPLICIT_RETAIN_SELF = YES;
				CLANG_WARN_OBJC_LITERAL_CONVERSION = YES;
				CLANG_WARN_OBJC_ROOT_CLASS = YES_ERROR;
				CLANG_WARN_QUOTED_INCLUDE_IN_FRAMEWORK_HEADER = YES;
				CLANG_WARN_RANGE_LOOP_ANALYSIS = YES;
				CLANG_WARN_STRICT_PROTOTYPES = YES;
				CLANG_WARN_SUSPICIOUS_MOVE = YES;
				CLANG_WARN_UNGUARDED_AVAILABILITY = YES_AGGRESSIVE;
				CLANG_WARN_UNREACHABLE_CODE = YES;
				CLANG_WARN__DUPLICATE_METHOD_MATCH = YES;
				COPY_PHASE_STRIP = NO;
				DEBUG_INFORMATION_FORMAT = dwarf;
				ENABLE_STRICT_OBJC_MSGSEND = YES;
				ENABLE_TESTABILITY = YES;
				GCC_C_LANGUAGE_STANDARD = gnu11;
				GCC_DYNAMIC_NO_PIC = NO;
				GCC_NO_COMMON_BLOCKS = YES;
				GCC_OPTIMIZATION_LEVEL = 0;
				GCC_PREPROCESSOR_DEFINITIONS = (
					"DEBUG=1",
					"$(inherited)",
				);
				GCC_WARN_64_TO_32_BIT_CONVERSION = YES;
				GCC_WARN_ABOUT_RETURN_TYPE = YES_ERROR;
				GCC_WARN_UNDECLARED_SELECTOR = YES;
				GCC_WARN_UNINITIALIZED_AUTOS = YES_AGGRESSIVE;
				GCC_WARN_UNUSED_FUNCTION = YES;
				GCC_WARN_UNUSED_VARIABLE = YES;
				IPHONEOS_DEPLOYMENT_TARGET = 14.4;
				MTL_ENABLE_DEBUG_INFO = INCLUDE_SOURCE;
				MTL_FAST_MATH = YES;
				ONLY_ACTIVE_ARCH = YES;
				SDKROOT = iphoneos;
				SWIFT_ACTIVE_COMPILATION_CONDITIONS = DEBUG;
				SWIFT_OPTIMIZATION_LEVEL = "-Onone";
			};
			name = Debug;
		};
		9F30C33F2887272000CF3AF4 /* Release */ = {
			isa = XCBuildConfiguration;
			buildSettings = {
				ALWAYS_SEARCH_USER_PATHS = NO;
				CLANG_ANALYZER_NONNULL = YES;
				CLANG_ANALYZER_NUMBER_OBJECT_CONVERSION = YES_AGGRESSIVE;
				CLANG_CXX_LANGUAGE_STANDARD = "gnu++14";
				CLANG_CXX_LIBRARY = "libc++";
				CLANG_ENABLE_MODULES = YES;
				CLANG_ENABLE_OBJC_ARC = YES;
				CLANG_ENABLE_OBJC_WEAK = YES;
				CLANG_WARN_BLOCK_CAPTURE_AUTORELEASING = YES;
				CLANG_WARN_BOOL_CONVERSION = YES;
				CLANG_WARN_COMMA = YES;
				CLANG_WARN_CONSTANT_CONVERSION = YES;
				CLANG_WARN_DEPRECATED_OBJC_IMPLEMENTATIONS = YES;
				CLANG_WARN_DIRECT_OBJC_ISA_USAGE = YES_ERROR;
				CLANG_WARN_DOCUMENTATION_COMMENTS = YES;
				CLANG_WARN_EMPTY_BODY = YES;
				CLANG_WARN_ENUM_CONVERSION = YES;
				CLANG_WARN_INFINITE_RECURSION = YES;
				CLANG_WARN_INT_CONVERSION = YES;
				CLANG_WARN_NON_LITERAL_NULL_CONVERSION = YES;
				CLANG_WARN_OBJC_IMPLICIT_RETAIN_SELF = YES;
				CLANG_WARN_OBJC_LITERAL_CONVERSION = YES;
				CLANG_WARN_OBJC_ROOT_CLASS = YES_ERROR;
				CLANG_WARN_QUOTED_INCLUDE_IN_FRAMEWORK_HEADER = YES;
				CLANG_WARN_RANGE_LOOP_ANALYSIS = YES;
				CLANG_WARN_STRICT_PROTOTYPES = YES;
				CLANG_WARN_SUSPICIOUS_MOVE = YES;
				CLANG_WARN_UNGUARDED_AVAILABILITY = YES_AGGRESSIVE;
				CLANG_WARN_UNREACHABLE_CODE = YES;
				CLANG_WARN__DUPLICATE_METHOD_MATCH = YES;
				COPY_PHASE_STRIP = NO;
				DEBUG_INFORMATION_FORMAT = "dwarf-with-dsym";
				ENABLE_NS_ASSERTIONS = NO;
				ENABLE_STRICT_OBJC_MSGSEND = YES;
				GCC_C_LANGUAGE_STANDARD = gnu11;
				GCC_NO_COMMON_BLOCKS = YES;
				GCC_WARN_64_TO_32_BIT_CONVERSION = YES;
				GCC_WARN_ABOUT_RETURN_TYPE = YES_ERROR;
				GCC_WARN_UNDECLARED_SELECTOR = YES;
				GCC_WARN_UNINITIALIZED_AUTOS = YES_AGGRESSIVE;
				GCC_WARN_UNUSED_FUNCTION = YES;
				GCC_WARN_UNUSED_VARIABLE = YES;
				IPHONEOS_DEPLOYMENT_TARGET = 14.4;
				MTL_ENABLE_DEBUG_INFO = NO;
				MTL_FAST_MATH = YES;
				SDKROOT = iphoneos;
				SWIFT_COMPILATION_MODE = wholemodule;
				SWIFT_OPTIMIZATION_LEVEL = "-O";
				VALIDATE_PRODUCT = YES;
			};
			name = Release;
		};
		9F30C3412887272000CF3AF4 /* Debug */ = {
			isa = XCBuildConfiguration;
			buildSettings = {
				ASSETCATALOG_COMPILER_APPICON_NAME = AppIcon;
				ASSETCATALOG_COMPILER_GLOBAL_ACCENT_COLOR_NAME = AccentColor;
				CODE_SIGN_STYLE = Automatic;
				DEVELOPMENT_TEAM = FSCV28PNC8;
				INFOPLIST_FILE = CalculatorRPN/Info.plist;
				LD_RUNPATH_SEARCH_PATHS = (
					"$(inherited)",
					"@executable_path/Frameworks",
				);
				PRODUCT_BUNDLE_IDENTIFIER = almazcompany.CalculatorRPN;
				PRODUCT_NAME = "$(TARGET_NAME)";
				SWIFT_VERSION = 5.0;
				TARGETED_DEVICE_FAMILY = "1,2";
			};
			name = Debug;
		};
		9F30C3422887272000CF3AF4 /* Release */ = {
			isa = XCBuildConfiguration;
			buildSettings = {
				ASSETCATALOG_COMPILER_APPICON_NAME = AppIcon;
				ASSETCATALOG_COMPILER_GLOBAL_ACCENT_COLOR_NAME = AccentColor;
				CODE_SIGN_STYLE = Automatic;
				DEVELOPMENT_TEAM = FSCV28PNC8;
				INFOPLIST_FILE = CalculatorRPN/Info.plist;
				LD_RUNPATH_SEARCH_PATHS = (
					"$(inherited)",
					"@executable_path/Frameworks",
				);
				PRODUCT_BUNDLE_IDENTIFIER = almazcompany.CalculatorRPN;
				PRODUCT_NAME = "$(TARGET_NAME)";
				SWIFT_VERSION = 5.0;
				TARGETED_DEVICE_FAMILY = "1,2";
			};
			name = Release;
		};
/* End XCBuildConfiguration section */

/* Begin XCConfigurationList section */
		9F30C3272887271F00CF3AF4 /* Build configuration list for PBXProject "CalculatorRPN" */ = {
			isa = XCConfigurationList;
			buildConfigurations = (
				9F30C33E2887272000CF3AF4 /* Debug */,
				9F30C33F2887272000CF3AF4 /* Release */,
			);
			defaultConfigurationIsVisible = 0;
			defaultConfigurationName = Release;
		};
		9F30C3402887272000CF3AF4 /* Build configuration list for PBXNativeTarget "CalculatorRPN" */ = {
			isa = XCConfigurationList;
			buildConfigurations = (
				9F30C3412887272000CF3AF4 /* Debug */,
				9F30C3422887272000CF3AF4 /* Release */,
			);
			defaultConfigurationIsVisible = 0;
			defaultConfigurationName = Release;
		};
/* End XCConfigurationList section */
	};
	rootObject = 9F30C3242887271F00CF3AF4 /* Project object */;
}
